<?xml version="1.0" encoding="utf-8"?>
<Project ToolsVersion="4.0" xmlns="http://schemas.microsoft.com/developer/msbuild/2003">
  <ItemGroup>
    <Filter Include="Inno">
      <UniqueIdentifier>{B9F9867C-A530-880D-4E1D-6E103A33040F}</UniqueIdentifier>
    </Filter>
  </ItemGroup>
  <ItemGroup>
    <ClInclude Include="src\Inno.h" />
    <ClInclude Include="src\Inno\Application.h">
      <Filter>Inno</Filter>
    </ClInclude>
    <ClInclude Include="src\Inno\Core.h">
      <Filter>Inno</Filter>
    </ClInclude>
    <ClInclude Include="src\Inno\EntryPoint.h">
      <Filter>Inno</Filter>
    </ClInclude>
    <ClInclude Include="src\Inno\Log.h">
      <Filter>Inno</Filter>
    </ClInclude>
  </ItemGroup>
  <ItemGroup>
    <ClCompile Include="src\Inno\Application.cpp">
      <Filter>Inno</Filter>
    </ClCompile>
    <ClCompile Include="src\Inno\Log.cpp">
      <Filter>Inno</Filter>
    </ClCompile>
  </ItemGroup>
</Project>